# THIS IS AN AUTOGENERATED FILE. DO NOT EDIT THIS FILE DIRECTLY.
# yarn lockfile v1


vee-validate@2.1.2:
  version "2.1.2"
  resolved "https://registry.yarnpkg.com/vee-validate/-/vee-validate-2.1.2.tgz#4dc99bbca1358d2cee2b8d0fe7ebd59ab968de08"
  integrity sha512-6Gr7jxXRnRhAg4QKedWF2mqtJ5MF6os8OBUtWS4XTOyGMbwa1UsJOPogqxEJA1qNqf5fUwqr/uP5Vs1zVyHSxA==
